
Microsoft Visual Studio Solution File, Format Version 12.00
# Visual Studio Version 16
VisualStudioVersion = 16.0.29326.143
MinimumVisualStudioVersion = 10.0.40219.1
Project("{FAE04EC0-301F-11D3-BF4B-00C04F79EFBC}") = "Joveler.DynLoader", "Joveler.DynLoader\Joveler.DynLoader.csproj", "{1E5FDB28-DD9A-4D54-A2C7-6A0E24E86457}"
EndProject
Project("{FAE04EC0-301F-11D3-BF4B-00C04F79EFBC}") = "Joveler.DynLoader.Tests", "Joveler.DynLoader.Tests\Joveler.DynLoader.Tests.csproj", "{92528796-6097-46FB-9719-30FAB6F1E445}"
EndProject
Global
	GlobalSection(SolutionConfigurationPlatforms) = preSolution
		Debug|Any CPU = Debug|Any CPU
		Release|Any CPU = Release|Any CPU
	EndGlobalSection
	GlobalSection(ProjectConfigurationPlatforms) = postSolution
		{1E5FDB28-DD9A-4D54-A2C7-6A0E24E86457}.Debug|Any CPU.ActiveCfg = Debug|Any CPU
		{1E5FDB28-DD9A-4D54-A2C7-6A0E24E86457}.Debug|Any CPU.Build.0 = Debug|Any CPU
		{1E5FDB28-DD9A-4D54-A2C7-6A0E24E86457}.Release|Any CPU.ActiveCfg = Release|Any CPU
		{1E5FDB28-DD9A-4D54-A2C7-6A0E24E86457}.Release|Any CPU.Build.0 = Release|Any CPU
		{92528796-6097-46FB-9719-30FAB6F1E445}.Debug|Any CPU.ActiveCfg = Debug|Any CPU
		{92528796-6097-46FB-9719-30FAB6F1E445}.Debug|Any CPU.Build.0 = Debug|Any CPU
		{92528796-6097-46FB-9719-30FAB6F1E445}.Release|Any CPU.ActiveCfg = Release|Any CPU
		{92528796-6097-46FB-9719-30FAB6F1E445}.Release|Any CPU.Build.0 = Release|Any CPU
	EndGlobalSection
	GlobalSection(SolutionProperties) = preSolution
		HideSolutionNode = FALSE
	EndGlobalSection
	GlobalSection(ExtensibilityGlobals) = postSolution
		SolutionGuid = {41260A25-5A0F-4E26-A497-25386B8C550B}
	EndGlobalSection
EndGlobal
